PODS:
  - ConciseKit (0.1.2)
  - Expecta (0.2.3)
  - JTObjectMapping (0.0.1)
  - MKNetworkKit (0.83):
    - Reachability (~> 3.0)
  - OCMock (2.0.1)
  - Reachability (3.1.1)
  - RSOAuthEngine (1.0.0):
    - MKNetworkKit (= 0.83)
  - Specta (0.2.1)

DEPENDENCIES:
  - ConciseKit
  - Expecta (= 0.2.3)
  - JTObjectMapping
  - MKNetworkKit (= 0.83)
  - OCMock
  - RSOAuthEngine (= 1.0.0)
  - Specta (= 0.2.1)

SPEC CHECKSUMS:
  ConciseKit: 1e086a66d098ba160ca5faa86458a0431b280b30
  Expecta: dbc4a27fabb853bdd2e907e33f11ee43a9a47d0c
  JTObjectMapping: e65889ec632547a1277b8d42c396804fad048dc4
  MKNetworkKit: cc25f9f19f0af66f0033158693496d9c6fb33ec7
  OCMock: f0c099603f851d07f8d7f2efe26d05da721ec43f
  Reachability: be4883bb93f31e38266ae3365e5600a317aae735
  RSOAuthEngine: ce71871797c9973ab50fbd56028dc5578cc3e1b6
  Specta: 2d06220591110c6d9757d8be8ecf8e63aa40dc2a

COCOAPODS: 0.28.0
